
Microsoft Visual Studio Solution File, Format Version 12.00
# Visual Studio Version 16
VisualStudioVersion = 16.0.31624.102
MinimumVisualStudioVersion = 10.0.40219.1
Project("{9A19103F-16F7-4668-BE54-9A1E7A4F7556}") = "01-GigaBank", "01-GigaBank\01-GigaBank.csproj", "{C1A5B408-1FFC-4CC8-8614-100864412676}"
EndProject
Project("{9A19103F-16F7-4668-BE54-9A1E7A4F7556}") = "02-GigaBank", "02-GigaBank\02-GigaBank.csproj", "{597CA8C3-0E12-455C-B7CC-45103CA48CC9}"
EndProject
Project("{FAE04EC0-301F-11D3-BF4B-00C04F79EFBC}") = "05-GigaBank", "05-GigaBank\05-GigaBank.csproj", "{4B2DEA08-01D4-463D-BF89-0EBDD602A065}"
EndProject
Global
	GlobalSection(SolutionConfigurationPlatforms) = preSolution
		Debug|Any CPU = Debug|Any CPU
		Release|Any CPU = Release|Any CPU
	EndGlobalSection
	GlobalSection(ProjectConfigurationPlatforms) = postSolution
		{C1A5B408-1FFC-4CC8-8614-100864412676}.Debug|Any CPU.ActiveCfg = Debug|Any CPU
		{C1A5B408-1FFC-4CC8-8614-100864412676}.Debug|Any CPU.Build.0 = Debug|Any CPU
		{C1A5B408-1FFC-4CC8-8614-100864412676}.Release|Any CPU.ActiveCfg = Release|Any CPU
		{C1A5B408-1FFC-4CC8-8614-100864412676}.Release|Any CPU.Build.0 = Release|Any CPU
		{597CA8C3-0E12-455C-B7CC-45103CA48CC9}.Debug|Any CPU.ActiveCfg = Debug|Any CPU
		{597CA8C3-0E12-455C-B7CC-45103CA48CC9}.Debug|Any CPU.Build.0 = Debug|Any CPU
		{597CA8C3-0E12-455C-B7CC-45103CA48CC9}.Release|Any CPU.ActiveCfg = Release|Any CPU
		{597CA8C3-0E12-455C-B7CC-45103CA48CC9}.Release|Any CPU.Build.0 = Release|Any CPU
		{4B2DEA08-01D4-463D-BF89-0EBDD602A065}.Debug|Any CPU.ActiveCfg = Debug|Any CPU
		{4B2DEA08-01D4-463D-BF89-0EBDD602A065}.Debug|Any CPU.Build.0 = Debug|Any CPU
		{4B2DEA08-01D4-463D-BF89-0EBDD602A065}.Release|Any CPU.ActiveCfg = Release|Any CPU
		{4B2DEA08-01D4-463D-BF89-0EBDD602A065}.Release|Any CPU.Build.0 = Release|Any CPU
	EndGlobalSection
	GlobalSection(SolutionProperties) = preSolution
		HideSolutionNode = FALSE
	EndGlobalSection
	GlobalSection(ExtensibilityGlobals) = postSolution
		SolutionGuid = {203D23C3-9A05-45F2-8AB2-C4D82DCF0CE5}
	EndGlobalSection
EndGlobal
